
Microsoft Visual Studio Solution File, Format Version 12.00
Project("{FAE04EC0-301F-11D3-BF4B-00C04F79EFBC}") = "ProHomeWork3", "ProHomeWork3\ProHomeWork3.csproj", "{AE796F38-75CA-422F-8FDE-83477D3CBF5C}"
EndProject
Global
	GlobalSection(SolutionConfigurationPlatforms) = preSolution
		Debug|Any CPU = Debug|Any CPU
		Release|Any CPU = Release|Any CPU
	EndGlobalSection
	GlobalSection(ProjectConfigurationPlatforms) = postSolution
		{AE796F38-75CA-422F-8FDE-83477D3CBF5C}.Debug|Any CPU.ActiveCfg = Debug|Any CPU
		{AE796F38-75CA-422F-8FDE-83477D3CBF5C}.Debug|Any CPU.Build.0 = Debug|Any CPU
		{AE796F38-75CA-422F-8FDE-83477D3CBF5C}.Release|Any CPU.ActiveCfg = Release|Any CPU
		{AE796F38-75CA-422F-8FDE-83477D3CBF5C}.Release|Any CPU.Build.0 = Release|Any CPU
	EndGlobalSection
EndGlobal
